
Microsoft Visual Studio Solution File, Format Version 12.00
# Visual Studio Version 17
VisualStudioVersion = 17.8.34525.116
MinimumVisualStudioVersion = 10.0.40219.1
Project("{FAE04EC0-301F-11D3-BF4B-00C04F79EFBC}") = "WpfApp1", "WpfApp1.csproj", "{B2FC612E-24CE-4471-851C-728AE9EF84FF}"
EndProject
Global
	GlobalSection(SolutionConfigurationPlatforms) = preSolution
		Debug|Any CPU = Debug|Any CPU
		Release|Any CPU = Release|Any CPU
	EndGlobalSection
	GlobalSection(ProjectConfigurationPlatforms) = postSolution
		{B2FC612E-24CE-4471-851C-728AE9EF84FF}.Debug|Any CPU.ActiveCfg = Debug|Any CPU
		{B2FC612E-24CE-4471-851C-728AE9EF84FF}.Debug|Any CPU.Build.0 = Debug|Any CPU
		{B2FC612E-24CE-4471-851C-728AE9EF84FF}.Release|Any CPU.ActiveCfg = Release|Any CPU
		{B2FC612E-24CE-4471-851C-728AE9EF84FF}.Release|Any CPU.Build.0 = Release|Any CPU
	EndGlobalSection
	GlobalSection(SolutionProperties) = preSolution
		HideSolutionNode = FALSE
	EndGlobalSection
	GlobalSection(ExtensibilityGlobals) = postSolution
		SolutionGuid = {73ED7B1E-662B-446A-B0D6-359B778F190A}
	EndGlobalSection
EndGlobal
